// !$*UTF8*$!
{
	archiveVersion = 1;
	classes = {
	};
	objectVersion = 56;
	objects = {

/* Begin PBXBuildFile section */
		A12EAD1A2C612064000689A4 /* BDButton.swift in Sources */ = {isa = PBXBuildFile; fileRef = A12EAD192C612064000689A4 /* BDButton.swift */; };
		A187BE1F2C5FCF7500E24E97 /* Lato-Regular.ttf in Resources */ = {isa = PBXBuildFile; fileRef = A187BE1E2C5FCF7500E24E97 /* Lato-Regular.ttf */; };
		A187BE222C5FD24200E24E97 /* Font.swift in Sources */ = {isa = PBXBuildFile; fileRef = A187BE212C5FD24200E24E97 /* Font.swift */; };
		A187BE242C5FD3B100E24E97 /* Lato-Bold.ttf in Resources */ = {isa = PBXBuildFile; fileRef = A187BE232C5FD3B100E24E97 /* Lato-Bold.ttf */; };
		A187BE262C5FD79000E24E97 /* WelcomingView.swift in Sources */ = {isa = PBXBuildFile; fileRef = A187BE252C5FD79000E24E97 /* WelcomingView.swift */; };
		A19686D62C5E89A700DCFBD8 /* OnboardingView.swift in Sources */ = {isa = PBXBuildFile; fileRef = A19686D52C5E89A700DCFBD8 /* OnboardingView.swift */; };
		A19686D92C5EA11500DCFBD8 /* OnboardingViewModel.swift in Sources */ = {isa = PBXBuildFile; fileRef = A19686D82C5EA11500DCFBD8 /* OnboardingViewModel.swift */; };
		A19686DC2C5EA21A00DCFBD8 /* OnboardingItem.swift in Sources */ = {isa = PBXBuildFile; fileRef = A19686DB2C5EA21A00DCFBD8 /* OnboardingItem.swift */; };
		A19686E12C5EA91800DCFBD8 /* OnboardingItemView.swift in Sources */ = {isa = PBXBuildFile; fileRef = A19686E02C5EA91800DCFBD8 /* OnboardingItemView.swift */; };
		A1CC38542C5E4371006A6172 /* BusyDayApp.swift in Sources */ = {isa = PBXBuildFile; fileRef = A1CC38532C5E4371006A6172 /* BusyDayApp.swift */; };
		A1CC38582C5E4373006A6172 /* Assets.xcassets in Resources */ = {isa = PBXBuildFile; fileRef = A1CC38572C5E4373006A6172 /* Assets.xcassets */; };
		A1CC38652C5E4373006A6172 /* BusyDayTests.swift in Sources */ = {isa = PBXBuildFile; fileRef = A1CC38642C5E4373006A6172 /* BusyDayTests.swift */; };
		A1CC386F2C5E4373006A6172 /* BusyDayUITests.swift in Sources */ = {isa = PBXBuildFile; fileRef = A1CC386E2C5E4373006A6172 /* BusyDayUITests.swift */; };
		A1CC38712C5E4373006A6172 /* BusyDayUITestsLaunchTests.swift in Sources */ = {isa = PBXBuildFile; fileRef = A1CC38702C5E4373006A6172 /* BusyDayUITestsLaunchTests.swift */; };
		A1CC387E2C5E43BB006A6172 /* README.md in Resources */ = {isa = PBXBuildFile; fileRef = A1CC387D2C5E43BB006A6172 /* README.md */; };
		A1CC38852C5E4993006A6172 /* .swiftlint.yml in Resources */ = {isa = PBXBuildFile; fileRef = A1CC38842C5E4993006A6172 /* .swiftlint.yml */; };
/* End PBXBuildFile section */

/* Begin PBXContainerItemProxy section */
		A1CC38612C5E4373006A6172 /* PBXContainerItemProxy */ = {
			isa = PBXContainerItemProxy;
			containerPortal = A1CC38482C5E4371006A6172 /* Project object */;
			proxyType = 1;
			remoteGlobalIDString = A1CC384F2C5E4371006A6172;
			remoteInfo = BusyDay;
		};
		A1CC386B2C5E4373006A6172 /* PBXContainerItemProxy */ = {
			isa = PBXContainerItemProxy;
			containerPortal = A1CC38482C5E4371006A6172 /* Project object */;
			proxyType = 1;
			remoteGlobalIDString = A1CC384F2C5E4371006A6172;
			remoteInfo = BusyDay;
		};
/* End PBXContainerItemProxy section */

/* Begin PBXFileReference section */
		A12EAD192C612064000689A4 /* BDButton.swift */ = {isa = PBXFileReference; lastKnownFileType = sourcecode.swift; path = BDButton.swift; sourceTree = "<group>"; };
		A187BE1E2C5FCF7500E24E97 /* Lato-Regular.ttf */ = {isa = PBXFileReference; lastKnownFileType = file; path = "Lato-Regular.ttf"; sourceTree = "<group>"; };
		A187BE212C5FD24200E24E97 /* Font.swift */ = {isa = PBXFileReference; lastKnownFileType = sourcecode.swift; path = Font.swift; sourceTree = "<group>"; };
		A187BE232C5FD3B100E24E97 /* Lato-Bold.ttf */ = {isa = PBXFileReference; lastKnownFileType = file; path = "Lato-Bold.ttf"; sourceTree = "<group>"; };
		A187BE252C5FD79000E24E97 /* WelcomingView.swift */ = {isa = PBXFileReference; lastKnownFileType = sourcecode.swift; path = WelcomingView.swift; sourceTree = "<group>"; };
		A19686D22C5E63A000DCFBD8 /* Info.plist */ = {isa = PBXFileReference; lastKnownFileType = text.plist; path = Info.plist; sourceTree = "<group>"; };
		A19686D52C5E89A700DCFBD8 /* OnboardingView.swift */ = {isa = PBXFileReference; lastKnownFileType = sourcecode.swift; path = OnboardingView.swift; sourceTree = "<group>"; };
		A19686D82C5EA11500DCFBD8 /* OnboardingViewModel.swift */ = {isa = PBXFileReference; lastKnownFileType = sourcecode.swift; path = OnboardingViewModel.swift; sourceTree = "<group>"; };
		A19686DB2C5EA21A00DCFBD8 /* OnboardingItem.swift */ = {isa = PBXFileReference; lastKnownFileType = sourcecode.swift; path = OnboardingItem.swift; sourceTree = "<group>"; };
		A19686E02C5EA91800DCFBD8 /* OnboardingItemView.swift */ = {isa = PBXFileReference; lastKnownFileType = sourcecode.swift; path = OnboardingItemView.swift; sourceTree = "<group>"; };
		A1CC38502C5E4371006A6172 /* BusyDay.app */ = {isa = PBXFileReference; explicitFileType = wrapper.application; includeInIndex = 0; path = BusyDay.app; sourceTree = BUILT_PRODUCTS_DIR; };
		A1CC38532C5E4371006A6172 /* BusyDayApp.swift */ = {isa = PBXFileReference; lastKnownFileType = sourcecode.swift; path = BusyDayApp.swift; sourceTree = "<group>"; };
		A1CC38572C5E4373006A6172 /* Assets.xcassets */ = {isa = PBXFileReference; lastKnownFileType = folder.assetcatalog; path = Assets.xcassets; sourceTree = "<group>"; };
		A1CC38602C5E4373006A6172 /* BusyDayTests.xctest */ = {isa = PBXFileReference; explicitFileType = wrapper.cfbundle; includeInIndex = 0; path = BusyDayTests.xctest; sourceTree = BUILT_PRODUCTS_DIR; };
		A1CC38642C5E4373006A6172 /* BusyDayTests.swift */ = {isa = PBXFileReference; lastKnownFileType = sourcecode.swift; path = BusyDayTests.swift; sourceTree = "<group>"; };
		A1CC386A2C5E4373006A6172 /* BusyDayUITests.xctest */ = {isa = PBXFileReference; explicitFileType = wrapper.cfbundle; includeInIndex = 0; path = BusyDayUITests.xctest; sourceTree = BUILT_PRODUCTS_DIR; };
		A1CC386E2C5E4373006A6172 /* BusyDayUITests.swift */ = {isa = PBXFileReference; lastKnownFileType = sourcecode.swift; path = BusyDayUITests.swift; sourceTree = "<group>"; };
		A1CC38702C5E4373006A6172 /* BusyDayUITestsLaunchTests.swift */ = {isa = PBXFileReference; lastKnownFileType = sourcecode.swift; path = BusyDayUITestsLaunchTests.swift; sourceTree = "<group>"; };
		A1CC387D2C5E43BB006A6172 /* README.md */ = {isa = PBXFileReference; lastKnownFileType = net.daringfireball.markdown; path = README.md; sourceTree = "<group>"; };
		A1CC38842C5E4993006A6172 /* .swiftlint.yml */ = {isa = PBXFileReference; lastKnownFileType = text.yaml; path = .swiftlint.yml; sourceTree = "<group>"; };
/* End PBXFileReference section */

/* Begin PBXFrameworksBuildPhase section */
		A1CC384D2C5E4371006A6172 /* Frameworks */ = {
			isa = PBXFrameworksBuildPhase;
			buildActionMask = 2147483647;
			files = (
			);
			runOnlyForDeploymentPostprocessing = 0;
		};
		A1CC385D2C5E4373006A6172 /* Frameworks */ = {
			isa = PBXFrameworksBuildPhase;
			buildActionMask = 2147483647;
			files = (
			);
			runOnlyForDeploymentPostprocessing = 0;
		};
		A1CC38672C5E4373006A6172 /* Frameworks */ = {
			isa = PBXFrameworksBuildPhase;
			buildActionMask = 2147483647;
			files = (
			);
			runOnlyForDeploymentPostprocessing = 0;
		};
/* End PBXFrameworksBuildPhase section */

/* Begin PBXGroup section */
		A12EAD182C611FF2000689A4 /* Components */ = {
			isa = PBXGroup;
			children = (
				A12EAD192C612064000689A4 /* BDButton.swift */,
			);
			path = Components;
			sourceTree = "<group>";
		};
		A187BE1D2C5FCF1C00E24E97 /* Fonts */ = {
			isa = PBXGroup;
			children = (
				A187BE232C5FD3B100E24E97 /* Lato-Bold.ttf */,
				A187BE1E2C5FCF7500E24E97 /* Lato-Regular.ttf */,
			);
			path = Fonts;
			sourceTree = "<group>";
		};
		A187BE202C5FD22200E24E97 /* Shared */ = {
			isa = PBXGroup;
			children = (
				A12EAD182C611FF2000689A4 /* Components */,
				A187BE212C5FD24200E24E97 /* Font.swift */,
			);
			path = Shared;
			sourceTree = "<group>";
		};
		A19686D32C5E892D00DCFBD8 /* Views */ = {
			isa = PBXGroup;
			children = (
				A19686D42C5E895200DCFBD8 /* Onboarding */,
			);
			path = Views;
			sourceTree = "<group>";
		};
		A19686D42C5E895200DCFBD8 /* Onboarding */ = {
			isa = PBXGroup;
			children = (
				A19686D52C5E89A700DCFBD8 /* OnboardingView.swift */,
				A19686E02C5EA91800DCFBD8 /* OnboardingItemView.swift */,
				A187BE252C5FD79000E24E97 /* WelcomingView.swift */,
			);
			path = Onboarding;
			sourceTree = "<group>";
		};
		A19686D72C5EA0BE00DCFBD8 /* ViewModels */ = {
			isa = PBXGroup;
			children = (
				A19686D82C5EA11500DCFBD8 /* OnboardingViewModel.swift */,
			);
			path = ViewModels;
			sourceTree = "<group>";
		};
		A19686DA2C5EA1F100DCFBD8 /* Models */ = {
			isa = PBXGroup;
			children = (
				A19686DB2C5EA21A00DCFBD8 /* OnboardingItem.swift */,
			);
			path = Models;
			sourceTree = "<group>";
		};
		A1CC38472C5E4371006A6172 = {
			isa = PBXGroup;
			children = (
				A1CC38522C5E4371006A6172 /* BusyDay */,
				A1CC38632C5E4373006A6172 /* BusyDayTests */,
				A1CC386D2C5E4373006A6172 /* BusyDayUITests */,
				A1CC38842C5E4993006A6172 /* .swiftlint.yml */,
				A1CC387D2C5E43BB006A6172 /* README.md */,
				A1CC38512C5E4371006A6172 /* Products */,
			);
			sourceTree = "<group>";
		};
		A1CC38512C5E4371006A6172 /* Products */ = {
			isa = PBXGroup;
			children = (
				A1CC38502C5E4371006A6172 /* BusyDay.app */,
				A1CC38602C5E4373006A6172 /* BusyDayTests.xctest */,
				A1CC386A2C5E4373006A6172 /* BusyDayUITests.xctest */,
			);
			name = Products;
			sourceTree = "<group>";
		};
		A1CC38522C5E4371006A6172 /* BusyDay */ = {
			isa = PBXGroup;
			children = (
				A1CC38572C5E4373006A6172 /* Assets.xcassets */,
				A19686D22C5E63A000DCFBD8 /* Info.plist */,
				A1CC38532C5E4371006A6172 /* BusyDayApp.swift */,
				A187BE1D2C5FCF1C00E24E97 /* Fonts */,
				A19686DA2C5EA1F100DCFBD8 /* Models */,
				A187BE202C5FD22200E24E97 /* Shared */,
				A19686D32C5E892D00DCFBD8 /* Views */,
				A19686D72C5EA0BE00DCFBD8 /* ViewModels */,
			);
			path = BusyDay;
			sourceTree = "<group>";
		};
		A1CC38632C5E4373006A6172 /* BusyDayTests */ = {
			isa = PBXGroup;
			children = (
				A1CC38642C5E4373006A6172 /* BusyDayTests.swift */,
			);
			path = BusyDayTests;
			sourceTree = "<group>";
		};
		A1CC386D2C5E4373006A6172 /* BusyDayUITests */ = {
			isa = PBXGroup;
			children = (
				A1CC386E2C5E4373006A6172 /* BusyDayUITests.swift */,
				A1CC38702C5E4373006A6172 /* BusyDayUITestsLaunchTests.swift */,
			);
			path = BusyDayUITests;
			sourceTree = "<group>";
		};
/* End PBXGroup section */

/* Begin PBXNativeTarget section */
		A1CC384F2C5E4371006A6172 /* BusyDay */ = {
			isa = PBXNativeTarget;
			buildConfigurationList = A1CC38742C5E4373006A6172 /* Build configuration list for PBXNativeTarget "BusyDay" */;
			buildPhases = (
				A1CC38812C5E45AC006A6172 /* ShellScript */,
				A1CC384C2C5E4371006A6172 /* Sources */,
				A1CC384D2C5E4371006A6172 /* Frameworks */,
				A1CC384E2C5E4371006A6172 /* Resources */,
			);
			buildRules = (
			);
			dependencies = (
			);
			name = BusyDay;
			productName = BusyDay;
			productReference = A1CC38502C5E4371006A6172 /* BusyDay.app */;
			productType = "com.apple.product-type.application";
		};
		A1CC385F2C5E4373006A6172 /* BusyDayTests */ = {
			isa = PBXNativeTarget;
			buildConfigurationList = A1CC38772C5E4373006A6172 /* Build configuration list for PBXNativeTarget "BusyDayTests" */;
			buildPhases = (
				A1CC385C2C5E4373006A6172 /* Sources */,
				A1CC385D2C5E4373006A6172 /* Frameworks */,
				A1CC385E2C5E4373006A6172 /* Resources */,
			);
			buildRules = (
			);
			dependencies = (
				A1CC38622C5E4373006A6172 /* PBXTargetDependency */,
			);
			name = BusyDayTests;
			productName = BusyDayTests;
			productReference = A1CC38602C5E4373006A6172 /* BusyDayTests.xctest */;
			productType = "com.apple.product-type.bundle.unit-test";
		};
		A1CC38692C5E4373006A6172 /* BusyDayUITests */ = {
			isa = PBXNativeTarget;
			buildConfigurationList = A1CC387A2C5E4373006A6172 /* Build configuration list for PBXNativeTarget "BusyDayUITests" */;
			buildPhases = (
				A1CC38662C5E4373006A6172 /* Sources */,
				A1CC38672C5E4373006A6172 /* Frameworks */,
				A1CC38682C5E4373006A6172 /* Resources */,
			);
			buildRules = (
			);
			dependencies = (
				A1CC386C2C5E4373006A6172 /* PBXTargetDependency */,
			);
			name = BusyDayUITests;
			productName = BusyDayUITests;
			productReference = A1CC386A2C5E4373006A6172 /* BusyDayUITests.xctest */;
			productType = "com.apple.product-type.bundle.ui-testing";
		};
/* End PBXNativeTarget section */

/* Begin PBXProject section */
		A1CC38482C5E4371006A6172 /* Project object */ = {
			isa = PBXProject;
			attributes = {
				BuildIndependentTargetsInParallel = 1;
				LastSwiftUpdateCheck = 1540;
				LastUpgradeCheck = 1540;
				TargetAttributes = {
					A1CC384F2C5E4371006A6172 = {
						CreatedOnToolsVersion = 15.4;
					};
					A1CC385F2C5E4373006A6172 = {
						CreatedOnToolsVersion = 15.4;
						TestTargetID = A1CC384F2C5E4371006A6172;
					};
					A1CC38692C5E4373006A6172 = {
						CreatedOnToolsVersion = 15.4;
						TestTargetID = A1CC384F2C5E4371006A6172;
					};
				};
			};
			buildConfigurationList = A1CC384B2C5E4371006A6172 /* Build configuration list for PBXProject "BusyDay" */;
			compatibilityVersion = "Xcode 14.0";
			developmentRegion = en;
			hasScannedForEncodings = 0;
			knownRegions = (
				en,
				Base,
			);
			mainGroup = A1CC38472C5E4371006A6172;
			productRefGroup = A1CC38512C5E4371006A6172 /* Products */;
			projectDirPath = "";
			projectRoot = "";
			targets = (
				A1CC384F2C5E4371006A6172 /* BusyDay */,
				A1CC385F2C5E4373006A6172 /* BusyDayTests */,
				A1CC38692C5E4373006A6172 /* BusyDayUITests */,
			);
		};
/* End PBXProject section */

/* Begin PBXResourcesBuildPhase section */
		A1CC384E2C5E4371006A6172 /* Resources */ = {
			isa = PBXResourcesBuildPhase;
			buildActionMask = 2147483647;
			files = (
				A1CC38852C5E4993006A6172 /* .swiftlint.yml in Resources */,
				A187BE242C5FD3B100E24E97 /* Lato-Bold.ttf in Resources */,
				A1CC387E2C5E43BB006A6172 /* README.md in Resources */,
				A187BE1F2C5FCF7500E24E97 /* Lato-Regular.ttf in Resources */,
				A1CC38582C5E4373006A6172 /* Assets.xcassets in Resources */,
			);
			runOnlyForDeploymentPostprocessing = 0;
		};
		A1CC385E2C5E4373006A6172 /* Resources */ = {
			isa = PBXResourcesBuildPhase;
			buildActionMask = 2147483647;
			files = (
			);
			runOnlyForDeploymentPostprocessing = 0;
		};
		A1CC38682C5E4373006A6172 /* Resources */ = {
			isa = PBXResourcesBuildPhase;
			buildActionMask = 2147483647;
			files = (
			);
			runOnlyForDeploymentPostprocessing = 0;
		};
/* End PBXResourcesBuildPhase section */

/* Begin PBXShellScriptBuildPhase section */
		A1CC38812C5E45AC006A6172 /* ShellScript */ = {
			isa = PBXShellScriptBuildPhase;
			alwaysOutOfDate = 1;
			buildActionMask = 2147483647;
			files = (
			);
			inputFileListPaths = (
			);
			inputPaths = (
			);
			outputFileListPaths = (
			);
			outputPaths = (
			);
			runOnlyForDeploymentPostprocessing = 0;
			shellPath = /bin/sh;
			shellScript = "if [[ \"$(uname -m)\" == arm64 ]]\nthen\n    export PATH=\"/opt/homebrew/bin:$PATH\"\nfi\n\nif command -v swiftlint >/dev/null 2>&1\nthen\n    swiftlint --fix && swiftlint\nelse\n    echo \"warning: `swiftlint` command not found - See https://github.com/realm/SwiftLint#installation for installation instructions.\"\nfi\n";
		};
/* End PBXShellScriptBuildPhase section */

/* Begin PBXSourcesBuildPhase section */
		A1CC384C2C5E4371006A6172 /* Sources */ = {
			isa = PBXSourcesBuildPhase;
			buildActionMask = 2147483647;
			files = (
				A19686E12C5EA91800DCFBD8 /* OnboardingItemView.swift in Sources */,
				A19686D62C5E89A700DCFBD8 /* OnboardingView.swift in Sources */,
				A187BE222C5FD24200E24E97 /* Font.swift in Sources */,
				A12EAD1A2C612064000689A4 /* BDButton.swift in Sources */,
				A19686DC2C5EA21A00DCFBD8 /* OnboardingItem.swift in Sources */,
				A1CC38542C5E4371006A6172 /* BusyDayApp.swift in Sources */,
				A19686D92C5EA11500DCFBD8 /* OnboardingViewModel.swift in Sources */,
				A187BE262C5FD79000E24E97 /* WelcomingView.swift in Sources */,
			);
			runOnlyForDeploymentPostprocessing = 0;
		};
		A1CC385C2C5E4373006A6172 /* Sources */ = {
			isa = PBXSourcesBuildPhase;
			buildActionMask = 2147483647;
			files = (
				A1CC38652C5E4373006A6172 /* BusyDayTests.swift in Sources */,
			);
			runOnlyForDeploymentPostprocessing = 0;
		};
		A1CC38662C5E4373006A6172 /* Sources */ = {
			isa = PBXSourcesBuildPhase;
			buildActionMask = 2147483647;
			files = (
				A1CC38712C5E4373006A6172 /* BusyDayUITestsLaunchTests.swift in Sources */,
				A1CC386F2C5E4373006A6172 /* BusyDayUITests.swift in Sources */,
			);
			runOnlyForDeploymentPostprocessing = 0;
		};
/* End PBXSourcesBuildPhase section */

/* Begin PBXTargetDependency section */
		A1CC38622C5E4373006A6172 /* PBXTargetDependency */ = {
			isa = PBXTargetDependency;
			target = A1CC384F2C5E4371006A6172 /* BusyDay */;
			targetProxy = A1CC38612C5E4373006A6172 /* PBXContainerItemProxy */;
		};
		A1CC386C2C5E4373006A6172 /* PBXTargetDependency */ = {
			isa = PBXTargetDependency;
			target = A1CC384F2C5E4371006A6172 /* BusyDay */;
			targetProxy = A1CC386B2C5E4373006A6172 /* PBXContainerItemProxy */;
		};
/* End PBXTargetDependency section */

/* Begin XCBuildConfiguration section */
		A1CC38722C5E4373006A6172 /* Debug */ = {
			isa = XCBuildConfiguration;
			buildSettings = {
				ALWAYS_SEARCH_USER_PATHS = NO;
				ASSETCATALOG_COMPILER_GENERATE_SWIFT_ASSET_SYMBOL_EXTENSIONS = YES;
				CLANG_ANALYZER_NONNULL = YES;
				CLANG_ANALYZER_NUMBER_OBJECT_CONVERSION = YES_AGGRESSIVE;
				CLANG_CXX_LANGUAGE_STANDARD = "gnu++20";
				CLANG_ENABLE_MODULES = YES;
				CLANG_ENABLE_OBJC_ARC = YES;
				CLANG_ENABLE_OBJC_WEAK = YES;
				CLANG_WARN_BLOCK_CAPTURE_AUTORELEASING = YES;
				CLANG_WARN_BOOL_CONVERSION = YES;
				CLANG_WARN_COMMA = YES;
				CLANG_WARN_CONSTANT_CONVERSION = YES;
				CLANG_WARN_DEPRECATED_OBJC_IMPLEMENTATIONS = YES;
				CLANG_WARN_DIRECT_OBJC_ISA_USAGE = YES_ERROR;
				CLANG_WARN_DOCUMENTATION_COMMENTS = YES;
				CLANG_WARN_EMPTY_BODY = YES;
				CLANG_WARN_ENUM_CONVERSION = YES;
				CLANG_WARN_INFINITE_RECURSION = YES;
				CLANG_WARN_INT_CONVERSION = YES;
				CLANG_WARN_NON_LITERAL_NULL_CONVERSION = YES;
				CLANG_WARN_OBJC_IMPLICIT_RETAIN_SELF = YES;
				CLANG_WARN_OBJC_LITERAL_CONVERSION = YES;
				CLANG_WARN_OBJC_ROOT_CLASS = YES_ERROR;
				CLANG_WARN_QUOTED_INCLUDE_IN_FRAMEWORK_HEADER = YES;
				CLANG_WARN_RANGE_LOOP_ANALYSIS = YES;
				CLANG_WARN_STRICT_PROTOTYPES = YES;
				CLANG_WARN_SUSPICIOUS_MOVE = YES;
				CLANG_WARN_UNGUARDED_AVAILABILITY = YES_AGGRESSIVE;
				CLANG_WARN_UNREACHABLE_CODE = YES;
				CLANG_WARN__DUPLICATE_METHOD_MATCH = YES;
				COPY_PHASE_STRIP = NO;
				DEBUG_INFORMATION_FORMAT = dwarf;
				ENABLE_STRICT_OBJC_MSGSEND = YES;
				ENABLE_TESTABILITY = YES;
				ENABLE_USER_SCRIPT_SANDBOXING = YES;
				GCC_C_LANGUAGE_STANDARD = gnu17;
				GCC_DYNAMIC_NO_PIC = NO;
				GCC_NO_COMMON_BLOCKS = YES;
				GCC_OPTIMIZATION_LEVEL = 0;
				GCC_PREPROCESSOR_DEFINITIONS = (
					"DEBUG=1",
					"$(inherited)",
				);
				GCC_WARN_64_TO_32_BIT_CONVERSION = YES;
				GCC_WARN_ABOUT_RETURN_TYPE = YES_ERROR;
				GCC_WARN_UNDECLARED_SELECTOR = YES;
				GCC_WARN_UNINITIALIZED_AUTOS = YES_AGGRESSIVE;
				GCC_WARN_UNUSED_FUNCTION = YES;
				GCC_WARN_UNUSED_VARIABLE = YES;
				IPHONEOS_DEPLOYMENT_TARGET = 17.5;
				LOCALIZATION_PREFERS_STRING_CATALOGS = YES;
				MTL_ENABLE_DEBUG_INFO = INCLUDE_SOURCE;
				MTL_FAST_MATH = YES;
				ONLY_ACTIVE_ARCH = YES;
				SDKROOT = iphoneos;
				SWIFT_ACTIVE_COMPILATION_CONDITIONS = "DEBUG $(inherited)";
				SWIFT_OPTIMIZATION_LEVEL = "-Onone";
			};
			name = Debug;
		};
		A1CC38732C5E4373006A6172 /* Release */ = {
			isa = XCBuildConfiguration;
			buildSettings = {
				ALWAYS_SEARCH_USER_PATHS = NO;
				ASSETCATALOG_COMPILER_GENERATE_SWIFT_ASSET_SYMBOL_EXTENSIONS = YES;
				CLANG_ANALYZER_NONNULL = YES;
				CLANG_ANALYZER_NUMBER_OBJECT_CONVERSION = YES_AGGRESSIVE;
				CLANG_CXX_LANGUAGE_STANDARD = "gnu++20";
				CLANG_ENABLE_MODULES = YES;
				CLANG_ENABLE_OBJC_ARC = YES;
				CLANG_ENABLE_OBJC_WEAK = YES;
				CLANG_WARN_BLOCK_CAPTURE_AUTORELEASING = YES;
				CLANG_WARN_BOOL_CONVERSION = YES;
				CLANG_WARN_COMMA = YES;
				CLANG_WARN_CONSTANT_CONVERSION = YES;
				CLANG_WARN_DEPRECATED_OBJC_IMPLEMENTATIONS = YES;
				CLANG_WARN_DIRECT_OBJC_ISA_USAGE = YES_ERROR;
				CLANG_WARN_DOCUMENTATION_COMMENTS = YES;
				CLANG_WARN_EMPTY_BODY = YES;
				CLANG_WARN_ENUM_CONVERSION = YES;
				CLANG_WARN_INFINITE_RECURSION = YES;
				CLANG_WARN_INT_CONVERSION = YES;
				CLANG_WARN_NON_LITERAL_NULL_CONVERSION = YES;
				CLANG_WARN_OBJC_IMPLICIT_RETAIN_SELF = YES;
				CLANG_WARN_OBJC_LITERAL_CONVERSION = YES;
				CLANG_WARN_OBJC_ROOT_CLASS = YES_ERROR;
				CLANG_WARN_QUOTED_INCLUDE_IN_FRAMEWORK_HEADER = YES;
				CLANG_WARN_RANGE_LOOP_ANALYSIS = YES;
				CLANG_WARN_STRICT_PROTOTYPES = YES;
				CLANG_WARN_SUSPICIOUS_MOVE = YES;
				CLANG_WARN_UNGUARDED_AVAILABILITY = YES_AGGRESSIVE;
				CLANG_WARN_UNREACHABLE_CODE = YES;
				CLANG_WARN__DUPLICATE_METHOD_MATCH = YES;
				COPY_PHASE_STRIP = NO;
				DEBUG_INFORMATION_FORMAT = "dwarf-with-dsym";
				ENABLE_NS_ASSERTIONS = NO;
				ENABLE_STRICT_OBJC_MSGSEND = YES;
				ENABLE_USER_SCRIPT_SANDBOXING = YES;
				GCC_C_LANGUAGE_STANDARD = gnu17;
				GCC_NO_COMMON_BLOCKS = YES;
				GCC_WARN_64_TO_32_BIT_CONVERSION = YES;
				GCC_WARN_ABOUT_RETURN_TYPE = YES_ERROR;
				GCC_WARN_UNDECLARED_SELECTOR = YES;
				GCC_WARN_UNINITIALIZED_AUTOS = YES_AGGRESSIVE;
				GCC_WARN_UNUSED_FUNCTION = YES;
				GCC_WARN_UNUSED_VARIABLE = YES;
				IPHONEOS_DEPLOYMENT_TARGET = 17.5;
				LOCALIZATION_PREFERS_STRING_CATALOGS = YES;
				MTL_ENABLE_DEBUG_INFO = NO;
				MTL_FAST_MATH = YES;
				SDKROOT = iphoneos;
				SWIFT_COMPILATION_MODE = wholemodule;
				VALIDATE_PRODUCT = YES;
			};
			name = Release;
		};
		A1CC38752C5E4373006A6172 /* Debug */ = {
			isa = XCBuildConfiguration;
			buildSettings = {
				ASSETCATALOG_COMPILER_APPICON_NAME = AppIcon;
				ASSETCATALOG_COMPILER_GLOBAL_ACCENT_COLOR_NAME = AccentColor;
				CODE_SIGN_STYLE = Automatic;
				CURRENT_PROJECT_VERSION = 1;
				DEVELOPMENT_ASSET_PATHS = "";
				DEVELOPMENT_TEAM = JZPFJ8Y6R9;
				ENABLE_PREVIEWS = YES;
				ENABLE_USER_SCRIPT_SANDBOXING = NO;
				GENERATE_INFOPLIST_FILE = YES;
				INFOPLIST_FILE = BusyDay/Info.plist;
				INFOPLIST_KEY_CFBundleDisplayName = BusyDay;
				INFOPLIST_KEY_LSApplicationCategoryType = "public.app-category.productivity";
				INFOPLIST_KEY_UIApplicationSceneManifest_Generation = YES;
				INFOPLIST_KEY_UIApplicationSupportsIndirectInputEvents = YES;
				INFOPLIST_KEY_UIStatusBarHidden = NO;
				INFOPLIST_KEY_UIStatusBarStyle = UIStatusBarStyleLightContent;
				INFOPLIST_KEY_UISupportedInterfaceOrientations = UIInterfaceOrientationPortrait;
				INFOPLIST_KEY_UISupportedInterfaceOrientations_iPad = "UIInterfaceOrientationLandscapeLeft UIInterfaceOrientationLandscapeRight UIInterfaceOrientationPortrait UIInterfaceOrientationPortraitUpsideDown";
				LD_RUNPATH_SEARCH_PATHS = (
					"$(inherited)",
					"@executable_path/Frameworks",
				);
				MARKETING_VERSION = 1.0;
				PRODUCT_BUNDLE_IDENTIFIER = com.andrewsixsixsix.BusyDay;
				PRODUCT_NAME = "$(TARGET_NAME)";
				SUPPORTED_PLATFORMS = "iphoneos iphonesimulator";
				SUPPORTS_MACCATALYST = NO;
				SUPPORTS_MAC_DESIGNED_FOR_IPHONE_IPAD = NO;
				SUPPORTS_XR_DESIGNED_FOR_IPHONE_IPAD = NO;
				SWIFT_EMIT_LOC_STRINGS = YES;
				SWIFT_VERSION = 5.0;
				TARGETED_DEVICE_FAMILY = 1;
			};
			name = Debug;
		};
		A1CC38762C5E4373006A6172 /* Release */ = {
			isa = XCBuildConfiguration;
			buildSettings = {
				ASSETCATALOG_COMPILER_APPICON_NAME = AppIcon;
				ASSETCATALOG_COMPILER_GLOBAL_ACCENT_COLOR_NAME = AccentColor;
				CODE_SIGN_STYLE = Automatic;
				CURRENT_PROJECT_VERSION = 1;
				DEVELOPMENT_ASSET_PATHS = "";
				DEVELOPMENT_TEAM = JZPFJ8Y6R9;
				ENABLE_PREVIEWS = YES;
				ENABLE_USER_SCRIPT_SANDBOXING = NO;
				GENERATE_INFOPLIST_FILE = YES;
				INFOPLIST_FILE = BusyDay/Info.plist;
				INFOPLIST_KEY_CFBundleDisplayName = BusyDay;
				INFOPLIST_KEY_LSApplicationCategoryType = "public.app-category.productivity";
				INFOPLIST_KEY_UIApplicationSceneManifest_Generation = YES;
				INFOPLIST_KEY_UIApplicationSupportsIndirectInputEvents = YES;
				INFOPLIST_KEY_UIStatusBarHidden = NO;
				INFOPLIST_KEY_UIStatusBarStyle = UIStatusBarStyleLightContent;
				INFOPLIST_KEY_UISupportedInterfaceOrientations = UIInterfaceOrientationPortrait;
				INFOPLIST_KEY_UISupportedInterfaceOrientations_iPad = "UIInterfaceOrientationLandscapeLeft UIInterfaceOrientationLandscapeRight UIInterfaceOrientationPortrait UIInterfaceOrientationPortraitUpsideDown";
				LD_RUNPATH_SEARCH_PATHS = (
					"$(inherited)",
					"@executable_path/Frameworks",
				);
				MARKETING_VERSION = 1.0;
				PRODUCT_BUNDLE_IDENTIFIER = com.andrewsixsixsix.BusyDay;
				PRODUCT_NAME = "$(TARGET_NAME)";
				SUPPORTED_PLATFORMS = "iphoneos iphonesimulator";
				SUPPORTS_MACCATALYST = NO;
				SUPPORTS_MAC_DESIGNED_FOR_IPHONE_IPAD = NO;
				SUPPORTS_XR_DESIGNED_FOR_IPHONE_IPAD = NO;
				SWIFT_EMIT_LOC_STRINGS = YES;
				SWIFT_VERSION = 5.0;
				TARGETED_DEVICE_FAMILY = 1;
			};
			name = Release;
		};
		A1CC38782C5E4373006A6172 /* Debug */ = {
			isa = XCBuildConfiguration;
			buildSettings = {
				ALWAYS_EMBED_SWIFT_STANDARD_LIBRARIES = YES;
				BUNDLE_LOADER = "$(TEST_HOST)";
				CODE_SIGN_STYLE = Automatic;
				CURRENT_PROJECT_VERSION = 1;
				DEVELOPMENT_TEAM = JZPFJ8Y6R9;
				GENERATE_INFOPLIST_FILE = YES;
				IPHONEOS_DEPLOYMENT_TARGET = 17.5;
				MARKETING_VERSION = 1.0;
				PRODUCT_BUNDLE_IDENTIFIER = com.andrewsixsixsix.BusyDayTests;
				PRODUCT_NAME = "$(TARGET_NAME)";
				SWIFT_EMIT_LOC_STRINGS = NO;
				SWIFT_VERSION = 5.0;
				TARGETED_DEVICE_FAMILY = "1,2";
				TEST_HOST = "$(BUILT_PRODUCTS_DIR)/BusyDay.app/$(BUNDLE_EXECUTABLE_FOLDER_PATH)/BusyDay";
			};
			name = Debug;
		};
		A1CC38792C5E4373006A6172 /* Release */ = {
			isa = XCBuildConfiguration;
			buildSettings = {
				ALWAYS_EMBED_SWIFT_STANDARD_LIBRARIES = YES;
				BUNDLE_LOADER = "$(TEST_HOST)";
				CODE_SIGN_STYLE = Automatic;
				CURRENT_PROJECT_VERSION = 1;
				DEVELOPMENT_TEAM = JZPFJ8Y6R9;
				GENERATE_INFOPLIST_FILE = YES;
				IPHONEOS_DEPLOYMENT_TARGET = 17.5;
				MARKETING_VERSION = 1.0;
				PRODUCT_BUNDLE_IDENTIFIER = com.andrewsixsixsix.BusyDayTests;
				PRODUCT_NAME = "$(TARGET_NAME)";
				SWIFT_EMIT_LOC_STRINGS = NO;
				SWIFT_VERSION = 5.0;
				TARGETED_DEVICE_FAMILY = "1,2";
				TEST_HOST = "$(BUILT_PRODUCTS_DIR)/BusyDay.app/$(BUNDLE_EXECUTABLE_FOLDER_PATH)/BusyDay";
			};
			name = Release;
		};
		A1CC387B2C5E4373006A6172 /* Debug */ = {
			isa = XCBuildConfiguration;
			buildSettings = {
				ALWAYS_EMBED_SWIFT_STANDARD_LIBRARIES = YES;
				CODE_SIGN_STYLE = Automatic;
				CURRENT_PROJECT_VERSION = 1;
				DEVELOPMENT_TEAM = JZPFJ8Y6R9;
				GENERATE_INFOPLIST_FILE = YES;
				MARKETING_VERSION = 1.0;
				PRODUCT_BUNDLE_IDENTIFIER = com.andrewsixsixsix.BusyDayUITests;
				PRODUCT_NAME = "$(TARGET_NAME)";
				SWIFT_EMIT_LOC_STRINGS = NO;
				SWIFT_VERSION = 5.0;
				TARGETED_DEVICE_FAMILY = "1,2";
				TEST_TARGET_NAME = BusyDay;
			};
			name = Debug;
		};
		A1CC387C2C5E4373006A6172 /* Release */ = {
			isa = XCBuildConfiguration;
			buildSettings = {
				ALWAYS_EMBED_SWIFT_STANDARD_LIBRARIES = YES;
				CODE_SIGN_STYLE = Automatic;
				CURRENT_PROJECT_VERSION = 1;
				DEVELOPMENT_TEAM = JZPFJ8Y6R9;
				GENERATE_INFOPLIST_FILE = YES;
				MARKETING_VERSION = 1.0;
				PRODUCT_BUNDLE_IDENTIFIER = com.andrewsixsixsix.BusyDayUITests;
				PRODUCT_NAME = "$(TARGET_NAME)";
				SWIFT_EMIT_LOC_STRINGS = NO;
				SWIFT_VERSION = 5.0;
				TARGETED_DEVICE_FAMILY = "1,2";
				TEST_TARGET_NAME = BusyDay;
			};
			name = Release;
		};
/* End XCBuildConfiguration section */

/* Begin XCConfigurationList section */
		A1CC384B2C5E4371006A6172 /* Build configuration list for PBXProject "BusyDay" */ = {
			isa = XCConfigurationList;
			buildConfigurations = (
				A1CC38722C5E4373006A6172 /* Debug */,
				A1CC38732C5E4373006A6172 /* Release */,
			);
			defaultConfigurationIsVisible = 0;
			defaultConfigurationName = Release;
		};
		A1CC38742C5E4373006A6172 /* Build configuration list for PBXNativeTarget "BusyDay" */ = {
			isa = XCConfigurationList;
			buildConfigurations = (
				A1CC38752C5E4373006A6172 /* Debug */,
				A1CC38762C5E4373006A6172 /* Release */,
			);
			defaultConfigurationIsVisible = 0;
			defaultConfigurationName = Release;
		};
		A1CC38772C5E4373006A6172 /* Build configuration list for PBXNativeTarget "BusyDayTests" */ = {
			isa = XCConfigurationList;
			buildConfigurations = (
				A1CC38782C5E4373006A6172 /* Debug */,
				A1CC38792C5E4373006A6172 /* Release */,
			);
			defaultConfigurationIsVisible = 0;
			defaultConfigurationName = Release;
		};
		A1CC387A2C5E4373006A6172 /* Build configuration list for PBXNativeTarget "BusyDayUITests" */ = {
			isa = XCConfigurationList;
			buildConfigurations = (
				A1CC387B2C5E4373006A6172 /* Debug */,
				A1CC387C2C5E4373006A6172 /* Release */,
			);
			defaultConfigurationIsVisible = 0;
			defaultConfigurationName = Release;
		};
/* End XCConfigurationList section */
	};
	rootObject = A1CC38482C5E4371006A6172 /* Project object */;
}
